%{
  "continuum": {:git, "git://github.com/meh/continuum.git", "4125f9d428971568f16da78cec24fddce18d6eca", []},
  "datastructures": {:git, "git://github.com/meh/elixir-datastructures.git", "28a7aee9addfe521ad0aa62f5e54f1ad597356cc", []},
  "earmark": {:hex, :earmark, "1.2.0", "bf1ce17aea43ab62f6943b97bd6e3dc032ce45d4f787504e3adf738e54b42f3a", [:mix], [], "hexpm", "6709251dd10e70cca0d50be8a25adc38c701b39eac2da3b1c166e3e7e4d358ed"},
  "ex_doc": {:hex, :ex_doc, "0.15.0", "e73333785eef3488cf9144a6e847d3d647e67d02bd6fdac500687854dd5c599f", [:mix], [{:earmark, "~> 1.1", [hex: :earmark, repo: "hexpm", optional: false]}], "hexpm", "e5ea59f50ecdfe4cc755808450dafe35221d5a0f4a31c42e80a7188eca570e4c"},
  "exquisite": {:hex, :exquisite, "0.1.8", "ee8f56aae477287ce5e7dfcbc163a420cccbb73e680a6d80a09203e9ef514fa4", [:mix], [], "hexpm", "f9575a4fa4fcb835ed162b86293afe367cf94f9b0382c63255e7f4441d96e784"},
}
